
Microsoft Visual Studio Solution File, Format Version 12.00
# Visual Studio Version 17
VisualStudioVersion = 17.13.35825.156
MinimumVisualStudioVersion = 10.0.40219.1
Project("{FAE04EC0-301F-11D3-BF4B-00C04F79EFBC}") = "proyecto.Domain", "proyecto.Domain\proyecto.Domain.csproj", "{1D3B3231-AC1C-4873-A35F-DB0CA30BF534}"
EndProject
Project("{FAE04EC0-301F-11D3-BF4B-00C04F79EFBC}") = "proyecto.Application", "proyecto.Application\proyecto.Application.csproj", "{2DD0E257-35CD-485C-A278-C9D04870ADAC}"
EndProject
Project("{FAE04EC0-301F-11D3-BF4B-00C04F79EFBC}") = "Proyecto.Infrastructure", "Proyecto.Infrastructure\Proyecto.Infrastructure.csproj", "{CC25488D-9741-4B38-B052-F70056CE860B}"
EndProject
Global
	GlobalSection(SolutionConfigurationPlatforms) = preSolution
		Debug|Any CPU = Debug|Any CPU
		Release|Any CPU = Release|Any CPU
	EndGlobalSection
	GlobalSection(ProjectConfigurationPlatforms) = postSolution
		{1D3B3231-AC1C-4873-A35F-DB0CA30BF534}.Debug|Any CPU.ActiveCfg = Debug|Any CPU
		{1D3B3231-AC1C-4873-A35F-DB0CA30BF534}.Debug|Any CPU.Build.0 = Debug|Any CPU
		{1D3B3231-AC1C-4873-A35F-DB0CA30BF534}.Release|Any CPU.ActiveCfg = Release|Any CPU
		{1D3B3231-AC1C-4873-A35F-DB0CA30BF534}.Release|Any CPU.Build.0 = Release|Any CPU
		{2DD0E257-35CD-485C-A278-C9D04870ADAC}.Debug|Any CPU.ActiveCfg = Debug|Any CPU
		{2DD0E257-35CD-485C-A278-C9D04870ADAC}.Debug|Any CPU.Build.0 = Debug|Any CPU
		{2DD0E257-35CD-485C-A278-C9D04870ADAC}.Release|Any CPU.ActiveCfg = Release|Any CPU
		{2DD0E257-35CD-485C-A278-C9D04870ADAC}.Release|Any CPU.Build.0 = Release|Any CPU
		{CC25488D-9741-4B38-B052-F70056CE860B}.Debug|Any CPU.ActiveCfg = Debug|Any CPU
		{CC25488D-9741-4B38-B052-F70056CE860B}.Debug|Any CPU.Build.0 = Debug|Any CPU
		{CC25488D-9741-4B38-B052-F70056CE860B}.Release|Any CPU.ActiveCfg = Release|Any CPU
		{CC25488D-9741-4B38-B052-F70056CE860B}.Release|Any CPU.Build.0 = Release|Any CPU
	EndGlobalSection
	GlobalSection(SolutionProperties) = preSolution
		HideSolutionNode = FALSE
	EndGlobalSection
	GlobalSection(ExtensibilityGlobals) = postSolution
		SolutionGuid = {D9300129-F973-4C0D-B3A9-68A99724CCC1}
	EndGlobalSection
EndGlobal
